
Microsoft Visual Studio Solution File, Format Version 12.00
# Visual Studio Version 16
VisualStudioVersion = 16.0.30204.135
MinimumVisualStudioVersion = 10.0.40219.1
Project("{FAE04EC0-301F-11D3-BF4B-00C04F79EFBC}") = "GitHubDemoJune21", "GitHubDemoJune21\GitHubDemoJune21.csproj", "{B6FECBB7-7802-4169-8CE5-187F79BBF45F}"
EndProject
Global
	GlobalSection(SolutionConfigurationPlatforms) = preSolution
		Debug|Any CPU = Debug|Any CPU
		Release|Any CPU = Release|Any CPU
	EndGlobalSection
	GlobalSection(ProjectConfigurationPlatforms) = postSolution
		{B6FECBB7-7802-4169-8CE5-187F79BBF45F}.Debug|Any CPU.ActiveCfg = Debug|Any CPU
		{B6FECBB7-7802-4169-8CE5-187F79BBF45F}.Debug|Any CPU.Build.0 = Debug|Any CPU
		{B6FECBB7-7802-4169-8CE5-187F79BBF45F}.Release|Any CPU.ActiveCfg = Release|Any CPU
		{B6FECBB7-7802-4169-8CE5-187F79BBF45F}.Release|Any CPU.Build.0 = Release|Any CPU
	EndGlobalSection
	GlobalSection(SolutionProperties) = preSolution
		HideSolutionNode = FALSE
	EndGlobalSection
	GlobalSection(ExtensibilityGlobals) = postSolution
		SolutionGuid = {FF7C69C6-8613-45DC-A842-EBA4F53B1AE1}
	EndGlobalSection
EndGlobal
